{
  "name": "passkey-x",
  "version": "0.0.0",
  "lockfileVersion": 3,
  "requires": true,
  "packages": {
    "": {
      "name": "passkey-x",
      "version": "0.0.0",
      "workspaces": [
        "packages/*"
      ],
      "engines": {
        "node": ">=24.7.0"
      }
    },
    "node_modules/@passkey-x/api-client": {
      "resolved": "packages/api-client",
      "link": true
    },
    "node_modules/@passkey-x/crypto": {
      "resolved": "packages/crypto",
      "link": true
    },
    "packages/api-client": {
      "name": "@passkey-x/api-client",
      "version": "0.1.0"
    },
    "packages/crypto": {
      "name": "@passkey-x/crypto",
      "version": "0.0.0"
    }
  }
}
